// !$*UTF8*$!
{
	archiveVersion = 1;
	classes = {
	};
	objectVersion = 56;
	objects = {

/* Begin PBXBuildFile section */
		0E1B12E629C1D30D00E36C64 /* AppDelegate.swift in Sources */ = {isa = PBXBuildFile; fileRef = 0E1B12E529C1D30D00E36C64 /* AppDelegate.swift */; };
		0E1B12E829C1D30D00E36C64 /* SceneDelegate.swift in Sources */ = {isa = PBXBuildFile; fileRef = 0E1B12E729C1D30D00E36C64 /* SceneDelegate.swift */; };
		0E1B12EA29C1D30D00E36C64 /* ViewController.swift in Sources */ = {isa = PBXBuildFile; fileRef = 0E1B12E929C1D30D00E36C64 /* ViewController.swift */; };
		0E1B12EF29C1D30D00E36C64 /* Assets.xcassets in Resources */ = {isa = PBXBuildFile; fileRef = 0E1B12EE29C1D30D00E36C64 /* Assets.xcassets */; };
		0E1B12F229C1D30D00E36C64 /* LaunchScreen.storyboard in Resources */ = {isa = PBXBuildFile; fileRef = 0E1B12F029C1D30D00E36C64 /* LaunchScreen.storyboard */; };
		0E241BC029E1FA4200631A2C /* AppAssembler.swift in Sources */ = {isa = PBXBuildFile; fileRef = 0E241BBF29E1FA4200631A2C /* AppAssembler.swift */; };
		0E241BC229E1FAB300631A2C /* Coordinator.swift in Sources */ = {isa = PBXBuildFile; fileRef = 0E241BC129E1FAB300631A2C /* Coordinator.swift */; };
		0E241BC529E1FB6000631A2C /* ServicesFactory.swift in Sources */ = {isa = PBXBuildFile; fileRef = 0E241BC429E1FB6000631A2C /* ServicesFactory.swift */; };
		0E241BC729E1FBA300631A2C /* FeaturesFactory.swift in Sources */ = {isa = PBXBuildFile; fileRef = 0E241BC629E1FBA300631A2C /* FeaturesFactory.swift */; };
		0E241BC929E1FC1A00631A2C /* ModuleFactory.swift in Sources */ = {isa = PBXBuildFile; fileRef = 0E241BC829E1FC1A00631A2C /* ModuleFactory.swift */; };
		0EBEF17C29C1D69200B8E37C /* .swiftlint.yml in Resources */ = {isa = PBXBuildFile; fileRef = 0EBEF17B29C1D69200B8E37C /* .swiftlint.yml */; };
/* End PBXBuildFile section */

/* Begin PBXFileReference section */
		0E1B12E229C1D30D00E36C64 /* WalkTogether.app */ = {isa = PBXFileReference; explicitFileType = wrapper.application; includeInIndex = 0; path = WalkTogether.app; sourceTree = BUILT_PRODUCTS_DIR; };
		0E1B12E529C1D30D00E36C64 /* AppDelegate.swift */ = {isa = PBXFileReference; lastKnownFileType = sourcecode.swift; path = AppDelegate.swift; sourceTree = "<group>"; };
		0E1B12E729C1D30D00E36C64 /* SceneDelegate.swift */ = {isa = PBXFileReference; lastKnownFileType = sourcecode.swift; path = SceneDelegate.swift; sourceTree = "<group>"; };
		0E1B12E929C1D30D00E36C64 /* ViewController.swift */ = {isa = PBXFileReference; lastKnownFileType = sourcecode.swift; path = ViewController.swift; sourceTree = "<group>"; };
		0E1B12EE29C1D30D00E36C64 /* Assets.xcassets */ = {isa = PBXFileReference; lastKnownFileType = folder.assetcatalog; path = Assets.xcassets; sourceTree = "<group>"; };
		0E1B12F129C1D30D00E36C64 /* Base */ = {isa = PBXFileReference; lastKnownFileType = file.storyboard; name = Base; path = Base.lproj/LaunchScreen.storyboard; sourceTree = "<group>"; };
		0E1B12F329C1D30D00E36C64 /* Info.plist */ = {isa = PBXFileReference; lastKnownFileType = text.plist.xml; path = Info.plist; sourceTree = "<group>"; };
		0E241BBF29E1FA4200631A2C /* AppAssembler.swift */ = {isa = PBXFileReference; lastKnownFileType = sourcecode.swift; path = AppAssembler.swift; sourceTree = "<group>"; };
		0E241BC129E1FAB300631A2C /* Coordinator.swift */ = {isa = PBXFileReference; lastKnownFileType = sourcecode.swift; path = Coordinator.swift; sourceTree = "<group>"; };
		0E241BC429E1FB6000631A2C /* ServicesFactory.swift */ = {isa = PBXFileReference; lastKnownFileType = sourcecode.swift; path = ServicesFactory.swift; sourceTree = "<group>"; };
		0E241BC629E1FBA300631A2C /* FeaturesFactory.swift */ = {isa = PBXFileReference; lastKnownFileType = sourcecode.swift; path = FeaturesFactory.swift; sourceTree = "<group>"; };
		0E241BC829E1FC1A00631A2C /* ModuleFactory.swift */ = {isa = PBXFileReference; lastKnownFileType = sourcecode.swift; path = ModuleFactory.swift; sourceTree = "<group>"; };
		0EBEF17B29C1D69200B8E37C /* .swiftlint.yml */ = {isa = PBXFileReference; fileEncoding = 4; lastKnownFileType = text.yaml; path = .swiftlint.yml; sourceTree = "<group>"; };
/* End PBXFileReference section */

/* Begin PBXFrameworksBuildPhase section */
		0E1B12DF29C1D30D00E36C64 /* Frameworks */ = {
			isa = PBXFrameworksBuildPhase;
			buildActionMask = 2147483647;
			files = (
			);
			runOnlyForDeploymentPostprocessing = 0;
		};
/* End PBXFrameworksBuildPhase section */

/* Begin PBXGroup section */
		0E1B12D929C1D30D00E36C64 = {
			isa = PBXGroup;
			children = (
				0E1B12E429C1D30D00E36C64 /* WalkTogether */,
				0E1B12E329C1D30D00E36C64 /* Products */,
			);
			sourceTree = "<group>";
		};
		0E1B12E329C1D30D00E36C64 /* Products */ = {
			isa = PBXGroup;
			children = (
				0E1B12E229C1D30D00E36C64 /* WalkTogether.app */,
			);
			name = Products;
			sourceTree = "<group>";
		};
		0E1B12E429C1D30D00E36C64 /* WalkTogether */ = {
			isa = PBXGroup;
			children = (
				0EBEF17B29C1D69200B8E37C /* .swiftlint.yml */,
				0E1B12F329C1D30D00E36C64 /* Info.plist */,
				0E241BBB29E1F88F00631A2C /* Resource */,
				0E241BBC29E1F8D900631A2C /* Source */,
			);
			path = WalkTogether;
			sourceTree = "<group>";
		};
		0E1B12F929C1D31C00E36C64 /* Application */ = {
			isa = PBXGroup;
			children = (
				0E241BBF29E1FA4200631A2C /* AppAssembler.swift */,
				0E1B12E729C1D30D00E36C64 /* SceneDelegate.swift */,
				0E1B12E529C1D30D00E36C64 /* AppDelegate.swift */,
			);
			path = Application;
			sourceTree = "<group>";
		};
		0E1B12FA29C1D32700E36C64 /* Modules */ = {
			isa = PBXGroup;
			children = (
				0E241BCA29E2003900631A2C /* AuthModule */,
			);
			path = Modules;
			sourceTree = "<group>";
		};
		0E1B12FB29C1D32F00E36C64 /* Presentation */ = {
			isa = PBXGroup;
			children = (
				0E1B12FA29C1D32700E36C64 /* Modules */,
				0E241BC129E1FAB300631A2C /* Coordinator.swift */,
			);
			path = Presentation;
			sourceTree = "<group>";
		};
		0E241BBB29E1F88F00631A2C /* Resource */ = {
			isa = PBXGroup;
			children = (
				0E1B12F029C1D30D00E36C64 /* LaunchScreen.storyboard */,
				0E1B12EE29C1D30D00E36C64 /* Assets.xcassets */,
			);
			path = Resource;
			sourceTree = "<group>";
		};
		0E241BBC29E1F8D900631A2C /* Source */ = {
			isa = PBXGroup;
			children = (
				0E241BBD29E1F90400631A2C /* Infrastructure */,
				0E1B12FB29C1D32F00E36C64 /* Presentation */,
			);
			path = Source;
			sourceTree = "<group>";
		};
		0E241BBD29E1F90400631A2C /* Infrastructure */ = {
			isa = PBXGroup;
			children = (
				0E241BC329E1FB1A00631A2C /* Factories */,
				0E241BBE29E1F9CF00631A2C /* Services */,
				0E1B12F929C1D31C00E36C64 /* Application */,
			);
			path = Infrastructure;
			sourceTree = "<group>";
		};
		0E241BBE29E1F9CF00631A2C /* Services */ = {
			isa = PBXGroup;
			children = (
			);
			path = Services;
			sourceTree = "<group>";
		};
		0E241BC329E1FB1A00631A2C /* Factories */ = {
			isa = PBXGroup;
			children = (
				0E241BC429E1FB6000631A2C /* ServicesFactory.swift */,
				0E241BC629E1FBA300631A2C /* FeaturesFactory.swift */,
				0E241BC829E1FC1A00631A2C /* ModuleFactory.swift */,
			);
			path = Factories;
			sourceTree = "<group>";
		};
		0E241BCA29E2003900631A2C /* AuthModule */ = {
			isa = PBXGroup;
			children = (
				0E1B12E929C1D30D00E36C64 /* ViewController.swift */,
			);
			path = AuthModule;
			sourceTree = "<group>";
		};
/* End PBXGroup section */

/* Begin PBXNativeTarget section */
		0E1B12E129C1D30D00E36C64 /* WalkTogether */ = {
			isa = PBXNativeTarget;
			buildConfigurationList = 0E1B12F629C1D30D00E36C64 /* Build configuration list for PBXNativeTarget "WalkTogether" */;
			buildPhases = (
				0E1B12DE29C1D30D00E36C64 /* Sources */,
				0E1B12DF29C1D30D00E36C64 /* Frameworks */,
				0E1B12E029C1D30D00E36C64 /* Resources */,
				0EBEF17A29C1D5EB00B8E37C /* ShellScript */,
			);
			buildRules = (
			);
			dependencies = (
			);
			name = WalkTogether;
			productName = WalkTogether;
			productReference = 0E1B12E229C1D30D00E36C64 /* WalkTogether.app */;
			productType = "com.apple.product-type.application";
		};
/* End PBXNativeTarget section */

/* Begin PBXProject section */
		0E1B12DA29C1D30D00E36C64 /* Project object */ = {
			isa = PBXProject;
			attributes = {
				BuildIndependentTargetsInParallel = 1;
				LastSwiftUpdateCheck = 1420;
				LastUpgradeCheck = 1420;
				TargetAttributes = {
					0E1B12E129C1D30D00E36C64 = {
						CreatedOnToolsVersion = 14.2;
					};
				};
			};
			buildConfigurationList = 0E1B12DD29C1D30D00E36C64 /* Build configuration list for PBXProject "WalkTogether" */;
			compatibilityVersion = "Xcode 14.0";
			developmentRegion = en;
			hasScannedForEncodings = 0;
			knownRegions = (
				en,
				Base,
			);
			mainGroup = 0E1B12D929C1D30D00E36C64;
			productRefGroup = 0E1B12E329C1D30D00E36C64 /* Products */;
			projectDirPath = "";
			projectRoot = "";
			targets = (
				0E1B12E129C1D30D00E36C64 /* WalkTogether */,
			);
		};
/* End PBXProject section */

/* Begin PBXResourcesBuildPhase section */
		0E1B12E029C1D30D00E36C64 /* Resources */ = {
			isa = PBXResourcesBuildPhase;
			buildActionMask = 2147483647;
			files = (
				0EBEF17C29C1D69200B8E37C /* .swiftlint.yml in Resources */,
				0E1B12F229C1D30D00E36C64 /* LaunchScreen.storyboard in Resources */,
				0E1B12EF29C1D30D00E36C64 /* Assets.xcassets in Resources */,
			);
			runOnlyForDeploymentPostprocessing = 0;
		};
/* End PBXResourcesBuildPhase section */

/* Begin PBXShellScriptBuildPhase section */
		0EBEF17A29C1D5EB00B8E37C /* ShellScript */ = {
			isa = PBXShellScriptBuildPhase;
			buildActionMask = 2147483647;
			files = (
			);
			inputFileListPaths = (
			);
			inputPaths = (
			);
			outputFileListPaths = (
			);
			outputPaths = (
			);
			runOnlyForDeploymentPostprocessing = 0;
			shellPath = /bin/sh;
			shellScript = "export PATH=\"$PATH:/opt/homebrew/bin\"\nif which swiftlint > /dev/null; then\n  swiftlint\nelse\n  echo \"warning: SwiftLint not installed, download from https://github.com/realm/SwiftLint\"\nfi\n";
		};
/* End PBXShellScriptBuildPhase section */

/* Begin PBXSourcesBuildPhase section */
		0E1B12DE29C1D30D00E36C64 /* Sources */ = {
			isa = PBXSourcesBuildPhase;
			buildActionMask = 2147483647;
			files = (
				0E241BC029E1FA4200631A2C /* AppAssembler.swift in Sources */,
				0E1B12EA29C1D30D00E36C64 /* ViewController.swift in Sources */,
				0E241BC529E1FB6000631A2C /* ServicesFactory.swift in Sources */,
				0E241BC229E1FAB300631A2C /* Coordinator.swift in Sources */,
				0E241BC929E1FC1A00631A2C /* ModuleFactory.swift in Sources */,
				0E1B12E629C1D30D00E36C64 /* AppDelegate.swift in Sources */,
				0E241BC729E1FBA300631A2C /* FeaturesFactory.swift in Sources */,
				0E1B12E829C1D30D00E36C64 /* SceneDelegate.swift in Sources */,
			);
			runOnlyForDeploymentPostprocessing = 0;
		};
/* End PBXSourcesBuildPhase section */

/* Begin PBXVariantGroup section */
		0E1B12F029C1D30D00E36C64 /* LaunchScreen.storyboard */ = {
			isa = PBXVariantGroup;
			children = (
				0E1B12F129C1D30D00E36C64 /* Base */,
			);
			name = LaunchScreen.storyboard;
			sourceTree = "<group>";
		};
/* End PBXVariantGroup section */

/* Begin XCBuildConfiguration section */
		0E1B12F429C1D30D00E36C64 /* Debug */ = {
			isa = XCBuildConfiguration;
			buildSettings = {
				ALWAYS_SEARCH_USER_PATHS = NO;
				CLANG_ANALYZER_NONNULL = YES;
				CLANG_ANALYZER_NUMBER_OBJECT_CONVERSION = YES_AGGRESSIVE;
				CLANG_CXX_LANGUAGE_STANDARD = "gnu++20";
				CLANG_ENABLE_MODULES = YES;
				CLANG_ENABLE_OBJC_ARC = YES;
				CLANG_ENABLE_OBJC_WEAK = YES;
				CLANG_WARN_BLOCK_CAPTURE_AUTORELEASING = YES;
				CLANG_WARN_BOOL_CONVERSION = YES;
				CLANG_WARN_COMMA = YES;
				CLANG_WARN_CONSTANT_CONVERSION = YES;
				CLANG_WARN_DEPRECATED_OBJC_IMPLEMENTATIONS = YES;
				CLANG_WARN_DIRECT_OBJC_ISA_USAGE = YES_ERROR;
				CLANG_WARN_DOCUMENTATION_COMMENTS = YES;
				CLANG_WARN_EMPTY_BODY = YES;
				CLANG_WARN_ENUM_CONVERSION = YES;
				CLANG_WARN_INFINITE_RECURSION = YES;
				CLANG_WARN_INT_CONVERSION = YES;
				CLANG_WARN_NON_LITERAL_NULL_CONVERSION = YES;
				CLANG_WARN_OBJC_IMPLICIT_RETAIN_SELF = YES;
				CLANG_WARN_OBJC_LITERAL_CONVERSION = YES;
				CLANG_WARN_OBJC_ROOT_CLASS = YES_ERROR;
				CLANG_WARN_QUOTED_INCLUDE_IN_FRAMEWORK_HEADER = YES;
				CLANG_WARN_RANGE_LOOP_ANALYSIS = YES;
				CLANG_WARN_STRICT_PROTOTYPES = YES;
				CLANG_WARN_SUSPICIOUS_MOVE = YES;
				CLANG_WARN_UNGUARDED_AVAILABILITY = YES_AGGRESSIVE;
				CLANG_WARN_UNREACHABLE_CODE = YES;
				CLANG_WARN__DUPLICATE_METHOD_MATCH = YES;
				COPY_PHASE_STRIP = NO;
				DEBUG_INFORMATION_FORMAT = dwarf;
				ENABLE_STRICT_OBJC_MSGSEND = YES;
				ENABLE_TESTABILITY = YES;
				GCC_C_LANGUAGE_STANDARD = gnu11;
				GCC_DYNAMIC_NO_PIC = NO;
				GCC_NO_COMMON_BLOCKS = YES;
				GCC_OPTIMIZATION_LEVEL = 0;
				GCC_PREPROCESSOR_DEFINITIONS = (
					"DEBUG=1",
					"$(inherited)",
				);
				GCC_WARN_64_TO_32_BIT_CONVERSION = YES;
				GCC_WARN_ABOUT_RETURN_TYPE = YES_ERROR;
				GCC_WARN_UNDECLARED_SELECTOR = YES;
				GCC_WARN_UNINITIALIZED_AUTOS = YES_AGGRESSIVE;
				GCC_WARN_UNUSED_FUNCTION = YES;
				GCC_WARN_UNUSED_VARIABLE = YES;
				IPHONEOS_DEPLOYMENT_TARGET = 16.2;
				MTL_ENABLE_DEBUG_INFO = INCLUDE_SOURCE;
				MTL_FAST_MATH = YES;
				ONLY_ACTIVE_ARCH = YES;
				SDKROOT = iphoneos;
				SWIFT_ACTIVE_COMPILATION_CONDITIONS = DEBUG;
				SWIFT_OPTIMIZATION_LEVEL = "-Onone";
			};
			name = Debug;
		};
		0E1B12F529C1D30D00E36C64 /* Release */ = {
			isa = XCBuildConfiguration;
			buildSettings = {
				ALWAYS_SEARCH_USER_PATHS = NO;
				CLANG_ANALYZER_NONNULL = YES;
				CLANG_ANALYZER_NUMBER_OBJECT_CONVERSION = YES_AGGRESSIVE;
				CLANG_CXX_LANGUAGE_STANDARD = "gnu++20";
				CLANG_ENABLE_MODULES = YES;
				CLANG_ENABLE_OBJC_ARC = YES;
				CLANG_ENABLE_OBJC_WEAK = YES;
				CLANG_WARN_BLOCK_CAPTURE_AUTORELEASING = YES;
				CLANG_WARN_BOOL_CONVERSION = YES;
				CLANG_WARN_COMMA = YES;
				CLANG_WARN_CONSTANT_CONVERSION = YES;
				CLANG_WARN_DEPRECATED_OBJC_IMPLEMENTATIONS = YES;
				CLANG_WARN_DIRECT_OBJC_ISA_USAGE = YES_ERROR;
				CLANG_WARN_DOCUMENTATION_COMMENTS = YES;
				CLANG_WARN_EMPTY_BODY = YES;
				CLANG_WARN_ENUM_CONVERSION = YES;
				CLANG_WARN_INFINITE_RECURSION = YES;
				CLANG_WARN_INT_CONVERSION = YES;
				CLANG_WARN_NON_LITERAL_NULL_CONVERSION = YES;
				CLANG_WARN_OBJC_IMPLICIT_RETAIN_SELF = YES;
				CLANG_WARN_OBJC_LITERAL_CONVERSION = YES;
				CLANG_WARN_OBJC_ROOT_CLASS = YES_ERROR;
				CLANG_WARN_QUOTED_INCLUDE_IN_FRAMEWORK_HEADER = YES;
				CLANG_WARN_RANGE_LOOP_ANALYSIS = YES;
				CLANG_WARN_STRICT_PROTOTYPES = YES;
				CLANG_WARN_SUSPICIOUS_MOVE = YES;
				CLANG_WARN_UNGUARDED_AVAILABILITY = YES_AGGRESSIVE;
				CLANG_WARN_UNREACHABLE_CODE = YES;
				CLANG_WARN__DUPLICATE_METHOD_MATCH = YES;
				COPY_PHASE_STRIP = NO;
				DEBUG_INFORMATION_FORMAT = "dwarf-with-dsym";
				ENABLE_NS_ASSERTIONS = NO;
				ENABLE_STRICT_OBJC_MSGSEND = YES;
				GCC_C_LANGUAGE_STANDARD = gnu11;
				GCC_NO_COMMON_BLOCKS = YES;
				GCC_WARN_64_TO_32_BIT_CONVERSION = YES;
				GCC_WARN_ABOUT_RETURN_TYPE = YES_ERROR;
				GCC_WARN_UNDECLARED_SELECTOR = YES;
				GCC_WARN_UNINITIALIZED_AUTOS = YES_AGGRESSIVE;
				GCC_WARN_UNUSED_FUNCTION = YES;
				GCC_WARN_UNUSED_VARIABLE = YES;
				IPHONEOS_DEPLOYMENT_TARGET = 16.2;
				MTL_ENABLE_DEBUG_INFO = NO;
				MTL_FAST_MATH = YES;
				SDKROOT = iphoneos;
				SWIFT_COMPILATION_MODE = wholemodule;
				SWIFT_OPTIMIZATION_LEVEL = "-O";
				VALIDATE_PRODUCT = YES;
			};
			name = Release;
		};
		0E1B12F729C1D30D00E36C64 /* Debug */ = {
			isa = XCBuildConfiguration;
			buildSettings = {
				ASSETCATALOG_COMPILER_APPICON_NAME = AppIcon;
				ASSETCATALOG_COMPILER_GLOBAL_ACCENT_COLOR_NAME = AccentColor;
				CODE_SIGN_STYLE = Automatic;
				CURRENT_PROJECT_VERSION = 1;
				DEVELOPMENT_TEAM = G56833V6RD;
				GENERATE_INFOPLIST_FILE = YES;
				INFOPLIST_FILE = WalkTogether/Info.plist;
				INFOPLIST_KEY_UIApplicationSupportsIndirectInputEvents = YES;
				INFOPLIST_KEY_UILaunchStoryboardName = LaunchScreen;
				INFOPLIST_KEY_UISupportedInterfaceOrientations = UIInterfaceOrientationPortrait;
				INFOPLIST_KEY_UISupportedInterfaceOrientations_iPad = "UIInterfaceOrientationLandscapeLeft UIInterfaceOrientationLandscapeRight UIInterfaceOrientationPortrait UIInterfaceOrientationPortraitUpsideDown";
				IPHONEOS_DEPLOYMENT_TARGET = 13.0;
				LD_RUNPATH_SEARCH_PATHS = (
					"$(inherited)",
					"@executable_path/Frameworks",
				);
				MARKETING_VERSION = 1.0;
				PRODUCT_BUNDLE_IDENTIFIER = "vardant-it.WalkTogether";
				PRODUCT_NAME = "$(TARGET_NAME)";
				SUPPORTED_PLATFORMS = "iphoneos iphonesimulator";
				SUPPORTS_MACCATALYST = NO;
				SUPPORTS_MAC_DESIGNED_FOR_IPHONE_IPAD = NO;
				SWIFT_EMIT_LOC_STRINGS = YES;
				SWIFT_VERSION = 5.0;
				TARGETED_DEVICE_FAMILY = 1;
			};
			name = Debug;
		};
		0E1B12F829C1D30D00E36C64 /* Release */ = {
			isa = XCBuildConfiguration;
			buildSettings = {
				ASSETCATALOG_COMPILER_APPICON_NAME = AppIcon;
				ASSETCATALOG_COMPILER_GLOBAL_ACCENT_COLOR_NAME = AccentColor;
				CODE_SIGN_STYLE = Automatic;
				CURRENT_PROJECT_VERSION = 1;
				DEVELOPMENT_TEAM = G56833V6RD;
				GENERATE_INFOPLIST_FILE = YES;
				INFOPLIST_FILE = WalkTogether/Info.plist;
				INFOPLIST_KEY_UIApplicationSupportsIndirectInputEvents = YES;
				INFOPLIST_KEY_UILaunchStoryboardName = LaunchScreen;
				INFOPLIST_KEY_UISupportedInterfaceOrientations = UIInterfaceOrientationPortrait;
				INFOPLIST_KEY_UISupportedInterfaceOrientations_iPad = "UIInterfaceOrientationLandscapeLeft UIInterfaceOrientationLandscapeRight UIInterfaceOrientationPortrait UIInterfaceOrientationPortraitUpsideDown";
				IPHONEOS_DEPLOYMENT_TARGET = 13.0;
				LD_RUNPATH_SEARCH_PATHS = (
					"$(inherited)",
					"@executable_path/Frameworks",
				);
				MARKETING_VERSION = 1.0;
				PRODUCT_BUNDLE_IDENTIFIER = "vardant-it.WalkTogether";
				PRODUCT_NAME = "$(TARGET_NAME)";
				SUPPORTED_PLATFORMS = "iphoneos iphonesimulator";
				SUPPORTS_MACCATALYST = NO;
				SUPPORTS_MAC_DESIGNED_FOR_IPHONE_IPAD = NO;
				SWIFT_EMIT_LOC_STRINGS = YES;
				SWIFT_VERSION = 5.0;
				TARGETED_DEVICE_FAMILY = 1;
			};
			name = Release;
		};
/* End XCBuildConfiguration section */

/* Begin XCConfigurationList section */
		0E1B12DD29C1D30D00E36C64 /* Build configuration list for PBXProject "WalkTogether" */ = {
			isa = XCConfigurationList;
			buildConfigurations = (
				0E1B12F429C1D30D00E36C64 /* Debug */,
				0E1B12F529C1D30D00E36C64 /* Release */,
			);
			defaultConfigurationIsVisible = 0;
			defaultConfigurationName = Release;
		};
		0E1B12F629C1D30D00E36C64 /* Build configuration list for PBXNativeTarget "WalkTogether" */ = {
			isa = XCConfigurationList;
			buildConfigurations = (
				0E1B12F729C1D30D00E36C64 /* Debug */,
				0E1B12F829C1D30D00E36C64 /* Release */,
			);
			defaultConfigurationIsVisible = 0;
			defaultConfigurationName = Release;
		};
/* End XCConfigurationList section */
	};
	rootObject = 0E1B12DA29C1D30D00E36C64 /* Project object */;
}
